// !$*UTF8*$!
{
	archiveVersion = 1;
	classes = {
	};
	objectVersion = 51;
	objects = {

/* Begin PBXBuildFile section */
		802EAC70236C0CD0006C8A6D /* ASCellNode+RXCExtension.swift in Sources */ = {isa = PBXBuildFile; fileRef = 802EAC3C236C0CD0006C8A6D /* ASCellNode+RXCExtension.swift */; };
		802EAC71236C0CD0006C8A6D /* ASTextNode+Label.swift in Sources */ = {isa = PBXBuildFile; fileRef = 802EAC3D236C0CD0006C8A6D /* ASTextNode+Label.swift */; };
		802EAC72236C0CD0006C8A6D /* PINRemoteImageManager+RXCExtension.swift in Sources */ = {isa = PBXBuildFile; fileRef = 802EAC3E236C0CD0006C8A6D /* PINRemoteImageManager+RXCExtension.swift */; };
		802EAC73236C0CD0006C8A6D /* ASNetworkImageNode+RXCExtension.swift in Sources */ = {isa = PBXBuildFile; fileRef = 802EAC3F236C0CD0006C8A6D /* ASNetworkImageNode+RXCExtension.swift */; };
		802EAC74236C0CD0006C8A6D /* ASImageNode+RXCExtension.swift in Sources */ = {isa = PBXBuildFile; fileRef = 802EAC40236C0CD0006C8A6D /* ASImageNode+RXCExtension.swift */; };
		802EAC75236C0CD0006C8A6D /* ASLayoutElement+Link.swift in Sources */ = {isa = PBXBuildFile; fileRef = 802EAC41236C0CD0006C8A6D /* ASLayoutElement+Link.swift */; };
		802EAC76236C0CD0006C8A6D /* ASLayoutElementStyle+Link.swift in Sources */ = {isa = PBXBuildFile; fileRef = 802EAC42236C0CD0006C8A6D /* ASLayoutElementStyle+Link.swift */; };
		802EAC77236C0CD0006C8A6D /* ASTextNode+RXCExtension.swift in Sources */ = {isa = PBXBuildFile; fileRef = 802EAC43236C0CD0006C8A6D /* ASTextNode+RXCExtension.swift */; };
		802EAC78236C0CD0006C8A6D /* ASTableNode+RXCExtension.swift in Sources */ = {isa = PBXBuildFile; fileRef = 802EAC44236C0CD0006C8A6D /* ASTableNode+RXCExtension.swift */; };
		802EAC79236C0CD0006C8A6D /* ASLayoutElement+RXCExtension.swift in Sources */ = {isa = PBXBuildFile; fileRef = 802EAC45236C0CD0006C8A6D /* ASLayoutElement+RXCExtension.swift */; };
		802EAC7A236C0CD0006C8A6D /* ASDisplayNode+RXCExtension.swift in Sources */ = {isa = PBXBuildFile; fileRef = 802EAC46236C0CD0006C8A6D /* ASDisplayNode+RXCExtension.swift */; };
		802EAC7B236C0CD0006C8A6D /* CGImage+RXCExtension.swift in Sources */ = {isa = PBXBuildFile; fileRef = 802EAC4A236C0CD0006C8A6D /* CGImage+RXCExtension.swift */; };
		802EAC7C236C0CD0006C8A6D /* CGSize+RXCExtension.swift in Sources */ = {isa = PBXBuildFile; fileRef = 802EAC4B236C0CD0006C8A6D /* CGSize+RXCExtension.swift */; };
		802EAC7D236C0CD0006C8A6D /* CGRect+Extension.swift in Sources */ = {isa = PBXBuildFile; fileRef = 802EAC4C236C0CD0006C8A6D /* CGRect+Extension.swift */; };
		802EAC7E236C0CD0006C8A6D /* CGFloat+Extension.swift in Sources */ = {isa = PBXBuildFile; fileRef = 802EAC4D236C0CD0006C8A6D /* CGFloat+Extension.swift */; };
		802EAC7F236C0CD0006C8A6D /* UINavigationBar+RXCExtension.swift in Sources */ = {isa = PBXBuildFile; fileRef = 802EAC4F236C0CD0006C8A6D /* UINavigationBar+RXCExtension.swift */; };
		802EAC80236C0CD0006C8A6D /* UIResponder+RXCExtension.swift in Sources */ = {isa = PBXBuildFile; fileRef = 802EAC50236C0CD0006C8A6D /* UIResponder+RXCExtension.swift */; };
		802EAC81236C0CD0006C8A6D /* UIColor+RXCExtension.swift in Sources */ = {isa = PBXBuildFile; fileRef = 802EAC51236C0CD0006C8A6D /* UIColor+RXCExtension.swift */; };
		802EAC82236C0CD0006C8A6D /* UIView+RXCExtension.swift in Sources */ = {isa = PBXBuildFile; fileRef = 802EAC52236C0CD0006C8A6D /* UIView+RXCExtension.swift */; };
		802EAC83236C0CD0006C8A6D /* UIViewController+RXCExtension.swift in Sources */ = {isa = PBXBuildFile; fileRef = 802EAC53236C0CD0006C8A6D /* UIViewController+RXCExtension.swift */; };
		802EAC84236C0CD0006C8A6D /* UIFont+RXCExtension.swift in Sources */ = {isa = PBXBuildFile; fileRef = 802EAC54236C0CD0006C8A6D /* UIFont+RXCExtension.swift */; };
		802EAC85236C0CD0006C8A6D /* UITableViewCell+RXCExtension.swift in Sources */ = {isa = PBXBuildFile; fileRef = 802EAC55236C0CD0006C8A6D /* UITableViewCell+RXCExtension.swift */; };
		802EAC86236C0CD0006C8A6D /* UITextView+RXCExtension.swift in Sources */ = {isa = PBXBuildFile; fileRef = 802EAC56236C0CD0006C8A6D /* UITextView+RXCExtension.swift */; };
		802EAC87236C0CD0006C8A6D /* UILayoutPriority+RXCExtension.swift in Sources */ = {isa = PBXBuildFile; fileRef = 802EAC57236C0CD0006C8A6D /* UILayoutPriority+RXCExtension.swift */; };
		802EAC88236C0CD0006C8A6D /* UIEdgeInsets+RXCExtension.swift in Sources */ = {isa = PBXBuildFile; fileRef = 802EAC58236C0CD0006C8A6D /* UIEdgeInsets+RXCExtension.swift */; };
		802EAC89236C0CD0006C8A6D /* UIImage+RXCExtension.swift in Sources */ = {isa = PBXBuildFile; fileRef = 802EAC59236C0CD0006C8A6D /* UIImage+RXCExtension.swift */; };
		802EAC8A236C0CD0006C8A6D /* CharacterSet+RXCExtension.swift in Sources */ = {isa = PBXBuildFile; fileRef = 802EAC5B236C0CD0006C8A6D /* CharacterSet+RXCExtension.swift */; };
		802EAC8B236C0CD0006C8A6D /* Result+RXCExtension.swift in Sources */ = {isa = PBXBuildFile; fileRef = 802EAC5C236C0CD0006C8A6D /* Result+RXCExtension.swift */; };
		802EAC8C236C0CD0006C8A6D /* TimeInterval+RXCExtension.swift in Sources */ = {isa = PBXBuildFile; fileRef = 802EAC5D236C0CD0006C8A6D /* TimeInterval+RXCExtension.swift */; };
		802EAC8D236C0CD0006C8A6D /* DispatchTime+RXCExtension.swift in Sources */ = {isa = PBXBuildFile; fileRef = 802EAC5E236C0CD0006C8A6D /* DispatchTime+RXCExtension.swift */; };
		802EAC8E236C0CD0006C8A6D /* NSPointerArray+RXCExtension.swift in Sources */ = {isa = PBXBuildFile; fileRef = 802EAC5F236C0CD0006C8A6D /* NSPointerArray+RXCExtension.swift */; };
		802EAC8F236C0CD0006C8A6D /* String+RXCExtension+MD5.swift in Sources */ = {isa = PBXBuildFile; fileRef = 802EAC60236C0CD0006C8A6D /* String+RXCExtension+MD5.swift */; };
		802EAC90236C0CD0006C8A6D /* FloatingPoint+RXCExtension.swift in Sources */ = {isa = PBXBuildFile; fileRef = 802EAC61236C0CD0006C8A6D /* FloatingPoint+RXCExtension.swift */; };
		802EAC91236C0CD0006C8A6D /* URLComponents+RXCExtension.swift in Sources */ = {isa = PBXBuildFile; fileRef = 802EAC62236C0CD0006C8A6D /* URLComponents+RXCExtension.swift */; };
		802EAC92236C0CD0006C8A6D /* Error+URLError.swift in Sources */ = {isa = PBXBuildFile; fileRef = 802EAC63236C0CD0006C8A6D /* Error+URLError.swift */; };
		802EAC93236C0CD0006C8A6D /* NSPointerArray+RXCExtension+Sequence.swift in Sources */ = {isa = PBXBuildFile; fileRef = 802EAC64236C0CD0006C8A6D /* NSPointerArray+RXCExtension+Sequence.swift */; };
		802EAC94236C0CD0006C8A6D /* Bool+RXCExtension.swift in Sources */ = {isa = PBXBuildFile; fileRef = 802EAC65236C0CD0006C8A6D /* Bool+RXCExtension.swift */; };
		802EAC95236C0CD0006C8A6D /* NSArray+RXCExtension.swift in Sources */ = {isa = PBXBuildFile; fileRef = 802EAC66236C0CD0006C8A6D /* NSArray+RXCExtension.swift */; };
		802EAC96236C0CD0006C8A6D /* String+RXCExtension.swift in Sources */ = {isa = PBXBuildFile; fileRef = 802EAC67236C0CD0006C8A6D /* String+RXCExtension.swift */; };
		802EAC97236C0CD0006C8A6D /* NSRegularExpression+RXCExtension.swift in Sources */ = {isa = PBXBuildFile; fileRef = 802EAC68236C0CD0006C8A6D /* NSRegularExpression+RXCExtension.swift */; };
		802EAC98236C0CD0006C8A6D /* SwiftArray+RXCExtension.swift in Sources */ = {isa = PBXBuildFile; fileRef = 802EAC69236C0CD0006C8A6D /* SwiftArray+RXCExtension.swift */; };
		802EAC99236C0CD0006C8A6D /* NSAttributedString+RXCExtension.swift in Sources */ = {isa = PBXBuildFile; fileRef = 802EAC6A236C0CD0006C8A6D /* NSAttributedString+RXCExtension.swift */; };
		802EAC9A236C0CD0006C8A6D /* NSMutableAttributedString+RXCExtension.swift in Sources */ = {isa = PBXBuildFile; fileRef = 802EAC6B236C0CD0006C8A6D /* NSMutableAttributedString+RXCExtension.swift */; };
		802EAC9B236C0CD0006C8A6D /* Integer+RXCExtension.swift in Sources */ = {isa = PBXBuildFile; fileRef = 802EAC6C236C0CD0006C8A6D /* Integer+RXCExtension.swift */; };
		802EAC9C236C0CD0006C8A6D /* Data+RXCExtension.swift in Sources */ = {isa = PBXBuildFile; fileRef = 802EAC6D236C0CD0006C8A6D /* Data+RXCExtension.swift */; };
		802EAC9D236C0CD0006C8A6D /* URL+RXCExtension.swift in Sources */ = {isa = PBXBuildFile; fileRef = 802EAC6E236C0CD0006C8A6D /* URL+RXCExtension.swift */; };
		802EAC9E236C0CD0006C8A6D /* NSRange+RXCExtension.swift in Sources */ = {isa = PBXBuildFile; fileRef = 802EAC6F236C0CD0006C8A6D /* NSRange+RXCExtension.swift */; };
		802EACA1236C0F0D006C8A6D /* RXCMessagedError.swift in Sources */ = {isa = PBXBuildFile; fileRef = 802EACA0236C0F0D006C8A6D /* RXCMessagedError.swift */; };
		802EACA3236C0F4A006C8A6D /* RXCSimpleMJRefreshHeader.swift in Sources */ = {isa = PBXBuildFile; fileRef = 802EACA2236C0F4A006C8A6D /* RXCSimpleMJRefreshHeader.swift */; };
		802EACA7236C1469006C8A6D /* RXCBindableObject.swift in Sources */ = {isa = PBXBuildFile; fileRef = 802EACA6236C1469006C8A6D /* RXCBindableObject.swift */; };
		802EACA9236C14EE006C8A6D /* RXCButton.swift in Sources */ = {isa = PBXBuildFile; fileRef = 802EACA8236C14EE006C8A6D /* RXCButton.swift */; };
		804988442373AF2200586B4F /* RXCMisc.swift in Sources */ = {isa = PBXBuildFile; fileRef = 804988432373AF2200586B4F /* RXCMisc.swift */; };
		80C8D589236B3ED100664FC5 /* RXCSwiftComponents.framework in Frameworks */ = {isa = PBXBuildFile; fileRef = 80C8D57F236B3ED000664FC5 /* RXCSwiftComponents.framework */; };
		80C8D58E236B3ED100664FC5 /* RXCSwiftComponentsTests.swift in Sources */ = {isa = PBXBuildFile; fileRef = 80C8D58D236B3ED100664FC5 /* RXCSwiftComponentsTests.swift */; };
		80C8D590236B3ED100664FC5 /* RXCSwiftComponents.h in Headers */ = {isa = PBXBuildFile; fileRef = 80C8D582236B3ED000664FC5 /* RXCSwiftComponents.h */; settings = {ATTRIBUTES = (Public, ); }; };
		80CCEB8E236C80AF000FCD6F /* RXCListViewProtocol.swift in Sources */ = {isa = PBXBuildFile; fileRef = 80CCEB8D236C80AF000FCD6F /* RXCListViewProtocol.swift */; };
		80CCEB90236C8119000FCD6F /* RXCScrollViewProtocol.swift in Sources */ = {isa = PBXBuildFile; fileRef = 80CCEB8F236C8118000FCD6F /* RXCScrollViewProtocol.swift */; };
		80CCEB92236C812F000FCD6F /* RXCViewProtocol.swift in Sources */ = {isa = PBXBuildFile; fileRef = 80CCEB91236C812F000FCD6F /* RXCViewProtocol.swift */; };
		80CCEB94236C81C1000FCD6F /* UIView+RXCViewProtocol.swift in Sources */ = {isa = PBXBuildFile; fileRef = 80CCEB93236C81C1000FCD6F /* UIView+RXCViewProtocol.swift */; };
		80CCEB98236C8215000FCD6F /* UICollectionView+RXCListViewProtocol.swift in Sources */ = {isa = PBXBuildFile; fileRef = 80CCEB96236C8215000FCD6F /* UICollectionView+RXCListViewProtocol.swift */; };
		80CCEB99236C8215000FCD6F /* UITableView+RXCListViewProtocol.swift in Sources */ = {isa = PBXBuildFile; fileRef = 80CCEB97236C8215000FCD6F /* UITableView+RXCListViewProtocol.swift */; };
		80CCEB9B236C82AE000FCD6F /* UIScrollView+RXCScrollViewProtocol.swift in Sources */ = {isa = PBXBuildFile; fileRef = 80CCEB9A236C82AE000FCD6F /* UIScrollView+RXCScrollViewProtocol.swift */; };
		80CCEBA1236C82FC000FCD6F /* ASTableNode+RXCScrollViewProtocol.swift in Sources */ = {isa = PBXBuildFile; fileRef = 80CCEB9D236C82FC000FCD6F /* ASTableNode+RXCScrollViewProtocol.swift */; };
		80CCEBA2236C82FC000FCD6F /* ASDisplayNode+RXCViewProtocol.swift in Sources */ = {isa = PBXBuildFile; fileRef = 80CCEB9E236C82FC000FCD6F /* ASDisplayNode+RXCViewProtocol.swift */; };
		80CCEBA3236C82FC000FCD6F /* ASScrollNode+RXCScrollViewProtocol.swift in Sources */ = {isa = PBXBuildFile; fileRef = 80CCEB9F236C82FC000FCD6F /* ASScrollNode+RXCScrollViewProtocol.swift */; };
		80CCEBA4236C82FC000FCD6F /* ASCollectionNode+RXCScrollViewProtocol.swift in Sources */ = {isa = PBXBuildFile; fileRef = 80CCEBA0236C82FC000FCD6F /* ASCollectionNode+RXCScrollViewProtocol.swift */; };
		80CCEBA7236C8305000FCD6F /* ASTableNode+RXCListViewProtocol.swift in Sources */ = {isa = PBXBuildFile; fileRef = 80CCEBA5236C8305000FCD6F /* ASTableNode+RXCListViewProtocol.swift */; };
		80CCEBA8236C8305000FCD6F /* ASCollectionNode+RXCListViewProtocol.swift in Sources */ = {isa = PBXBuildFile; fileRef = 80CCEBA6236C8305000FCD6F /* ASCollectionNode+RXCListViewProtocol.swift */; };
		80E45C6C238B6CA6009FBF76 /* RXCComponents.swift in Sources */ = {isa = PBXBuildFile; fileRef = 80E45C6B238B6CA6009FBF76 /* RXCComponents.swift */; };
		80F8156C236FD2A0001030D9 /* RXCMultipartFormDataSpec.swift in Sources */ = {isa = PBXBuildFile; fileRef = 80F8156B236FD2A0001030D9 /* RXCMultipartFormDataSpec.swift */; };
		80F81570236FD2DF001030D9 /* MultipartFormData+RXCMultipartFormDataSpec.swift in Sources */ = {isa = PBXBuildFile; fileRef = 80F8156F236FD2DF001030D9 /* MultipartFormData+RXCMultipartFormDataSpec.swift */; };
		80F81572236FF391001030D9 /* RXCMultipartFormDataSpec+Alamofire.swift in Sources */ = {isa = PBXBuildFile; fileRef = 80F81571236FF391001030D9 /* RXCMultipartFormDataSpec+Alamofire.swift */; };
		80F81578236FFA14001030D9 /* RXCParserProtocol.swift in Sources */ = {isa = PBXBuildFile; fileRef = 80F81577236FFA14001030D9 /* RXCParserProtocol.swift */; };
		80FED11623726EEE0097E0D0 /* RXCFakeNavigationBar.swift in Sources */ = {isa = PBXBuildFile; fileRef = 80FED11523726EEE0097E0D0 /* RXCFakeNavigationBar.swift */; };
		80FED11C2372DC3F0097E0D0 /* RXCCenterButtonTabBar.swift in Sources */ = {isa = PBXBuildFile; fileRef = 80FED11B2372DC3F0097E0D0 /* RXCCenterButtonTabBar.swift */; };
		959647C29BA5D8842B5C1EF9 /* Pods_RXCSwiftComponents.framework in Frameworks */ = {isa = PBXBuildFile; fileRef = D09291D4544D98E8E19CFE36 /* Pods_RXCSwiftComponents.framework */; };
		B22893FD9D498446A0B91C02 /* Pods_RXCSwiftComponents_RXCSwiftComponentsTests.framework in Frameworks */ = {isa = PBXBuildFile; fileRef = F217FB27BBE97893F0099065 /* Pods_RXCSwiftComponents_RXCSwiftComponentsTests.framework */; };
/* End PBXBuildFile section */

/* Begin PBXContainerItemProxy section */
		80C8D58A236B3ED100664FC5 /* PBXContainerItemProxy */ = {
			isa = PBXContainerItemProxy;
			containerPortal = 80C8D576236B3ED000664FC5 /* Project object */;
			proxyType = 1;
			remoteGlobalIDString = 80C8D57E236B3ED000664FC5;
			remoteInfo = RXCSwiftComponents;
		};
/* End PBXContainerItemProxy section */

/* Begin PBXFileReference section */
		298198BB5C9148F9CB8918A3 /* Pods-RXCSwiftComponents.release.xcconfig */ = {isa = PBXFileReference; includeInIndex = 1; lastKnownFileType = text.xcconfig; name = "Pods-RXCSwiftComponents.release.xcconfig"; path = "Target Support Files/Pods-RXCSwiftComponents/Pods-RXCSwiftComponents.release.xcconfig"; sourceTree = "<group>"; };
		802EAC3C236C0CD0006C8A6D /* ASCellNode+RXCExtension.swift */ = {isa = PBXFileReference; fileEncoding = 4; lastKnownFileType = sourcecode.swift; path = "ASCellNode+RXCExtension.swift"; sourceTree = "<group>"; };
		802EAC3D236C0CD0006C8A6D /* ASTextNode+Label.swift */ = {isa = PBXFileReference; fileEncoding = 4; lastKnownFileType = sourcecode.swift; path = "ASTextNode+Label.swift"; sourceTree = "<group>"; };
		802EAC3E236C0CD0006C8A6D /* PINRemoteImageManager+RXCExtension.swift */ = {isa = PBXFileReference; fileEncoding = 4; lastKnownFileType = sourcecode.swift; path = "PINRemoteImageManager+RXCExtension.swift"; sourceTree = "<group>"; };
		802EAC3F236C0CD0006C8A6D /* ASNetworkImageNode+RXCExtension.swift */ = {isa = PBXFileReference; fileEncoding = 4; lastKnownFileType = sourcecode.swift; path = "ASNetworkImageNode+RXCExtension.swift"; sourceTree = "<group>"; };
		802EAC40236C0CD0006C8A6D /* ASImageNode+RXCExtension.swift */ = {isa = PBXFileReference; fileEncoding = 4; lastKnownFileType = sourcecode.swift; path = "ASImageNode+RXCExtension.swift"; sourceTree = "<group>"; };
		802EAC41236C0CD0006C8A6D /* ASLayoutElement+Link.swift */ = {isa = PBXFileReference; fileEncoding = 4; lastKnownFileType = sourcecode.swift; path = "ASLayoutElement+Link.swift"; sourceTree = "<group>"; };
		802EAC42236C0CD0006C8A6D /* ASLayoutElementStyle+Link.swift */ = {isa = PBXFileReference; fileEncoding = 4; lastKnownFileType = sourcecode.swift; path = "ASLayoutElementStyle+Link.swift"; sourceTree = "<group>"; };
		802EAC43236C0CD0006C8A6D /* ASTextNode+RXCExtension.swift */ = {isa = PBXFileReference; fileEncoding = 4; lastKnownFileType = sourcecode.swift; path = "ASTextNode+RXCExtension.swift"; sourceTree = "<group>"; };
		802EAC44236C0CD0006C8A6D /* ASTableNode+RXCExtension.swift */ = {isa = PBXFileReference; fileEncoding = 4; lastKnownFileType = sourcecode.swift; path = "ASTableNode+RXCExtension.swift"; sourceTree = "<group>"; };
		802EAC45236C0CD0006C8A6D /* ASLayoutElement+RXCExtension.swift */ = {isa = PBXFileReference; fileEncoding = 4; lastKnownFileType = sourcecode.swift; path = "ASLayoutElement+RXCExtension.swift"; sourceTree = "<group>"; };
		802EAC46236C0CD0006C8A6D /* ASDisplayNode+RXCExtension.swift */ = {isa = PBXFileReference; fileEncoding = 4; lastKnownFileType = sourcecode.swift; path = "ASDisplayNode+RXCExtension.swift"; sourceTree = "<group>"; };
		802EAC4A236C0CD0006C8A6D /* CGImage+RXCExtension.swift */ = {isa = PBXFileReference; fileEncoding = 4; lastKnownFileType = sourcecode.swift; path = "CGImage+RXCExtension.swift"; sourceTree = "<group>"; };
		802EAC4B236C0CD0006C8A6D /* CGSize+RXCExtension.swift */ = {isa = PBXFileReference; fileEncoding = 4; lastKnownFileType = sourcecode.swift; path = "CGSize+RXCExtension.swift"; sourceTree = "<group>"; };
		802EAC4C236C0CD0006C8A6D /* CGRect+Extension.swift */ = {isa = PBXFileReference; fileEncoding = 4; lastKnownFileType = sourcecode.swift; path = "CGRect+Extension.swift"; sourceTree = "<group>"; };
		802EAC4D236C0CD0006C8A6D /* CGFloat+Extension.swift */ = {isa = PBXFileReference; fileEncoding = 4; lastKnownFileType = sourcecode.swift; path = "CGFloat+Extension.swift"; sourceTree = "<group>"; };
		802EAC4F236C0CD0006C8A6D /* UINavigationBar+RXCExtension.swift */ = {isa = PBXFileReference; fileEncoding = 4; lastKnownFileType = sourcecode.swift; path = "UINavigationBar+RXCExtension.swift"; sourceTree = "<group>"; };
		802EAC50236C0CD0006C8A6D /* UIResponder+RXCExtension.swift */ = {isa = PBXFileReference; fileEncoding = 4; lastKnownFileType = sourcecode.swift; path = "UIResponder+RXCExtension.swift"; sourceTree = "<group>"; };
		802EAC51236C0CD0006C8A6D /* UIColor+RXCExtension.swift */ = {isa = PBXFileReference; fileEncoding = 4; lastKnownFileType = sourcecode.swift; path = "UIColor+RXCExtension.swift"; sourceTree = "<group>"; };
		802EAC52236C0CD0006C8A6D /* UIView+RXCExtension.swift */ = {isa = PBXFileReference; fileEncoding = 4; lastKnownFileType = sourcecode.swift; path = "UIView+RXCExtension.swift"; sourceTree = "<group>"; };
		802EAC53236C0CD0006C8A6D /* UIViewController+RXCExtension.swift */ = {isa = PBXFileReference; fileEncoding = 4; lastKnownFileType = sourcecode.swift; path = "UIViewController+RXCExtension.swift"; sourceTree = "<group>"; };
		802EAC54236C0CD0006C8A6D /* UIFont+RXCExtension.swift */ = {isa = PBXFileReference; fileEncoding = 4; lastKnownFileType = sourcecode.swift; path = "UIFont+RXCExtension.swift"; sourceTree = "<group>"; };
		802EAC55236C0CD0006C8A6D /* UITableViewCell+RXCExtension.swift */ = {isa = PBXFileReference; fileEncoding = 4; lastKnownFileType = sourcecode.swift; path = "UITableViewCell+RXCExtension.swift"; sourceTree = "<group>"; };
		802EAC56236C0CD0006C8A6D /* UITextView+RXCExtension.swift */ = {isa = PBXFileReference; fileEncoding = 4; lastKnownFileType = sourcecode.swift; path = "UITextView+RXCExtension.swift"; sourceTree = "<group>"; };
		802EAC57236C0CD0006C8A6D /* UILayoutPriority+RXCExtension.swift */ = {isa = PBXFileReference; fileEncoding = 4; lastKnownFileType = sourcecode.swift; path = "UILayoutPriority+RXCExtension.swift"; sourceTree = "<group>"; };
		802EAC58236C0CD0006C8A6D /* UIEdgeInsets+RXCExtension.swift */ = {isa = PBXFileReference; fileEncoding = 4; lastKnownFileType = sourcecode.swift; path = "UIEdgeInsets+RXCExtension.swift"; sourceTree = "<group>"; };
		802EAC59236C0CD0006C8A6D /* UIImage+RXCExtension.swift */ = {isa = PBXFileReference; fileEncoding = 4; lastKnownFileType = sourcecode.swift; path = "UIImage+RXCExtension.swift"; sourceTree = "<group>"; };
		802EAC5B236C0CD0006C8A6D /* CharacterSet+RXCExtension.swift */ = {isa = PBXFileReference; fileEncoding = 4; lastKnownFileType = sourcecode.swift; path = "CharacterSet+RXCExtension.swift"; sourceTree = "<group>"; };
		802EAC5C236C0CD0006C8A6D /* Result+RXCExtension.swift */ = {isa = PBXFileReference; fileEncoding = 4; lastKnownFileType = sourcecode.swift; path = "Result+RXCExtension.swift"; sourceTree = "<group>"; };
		802EAC5D236C0CD0006C8A6D /* TimeInterval+RXCExtension.swift */ = {isa = PBXFileReference; fileEncoding = 4; lastKnownFileType = sourcecode.swift; path = "TimeInterval+RXCExtension.swift"; sourceTree = "<group>"; };
		802EAC5E236C0CD0006C8A6D /* DispatchTime+RXCExtension.swift */ = {isa = PBXFileReference; fileEncoding = 4; lastKnownFileType = sourcecode.swift; path = "DispatchTime+RXCExtension.swift"; sourceTree = "<group>"; };
		802EAC5F236C0CD0006C8A6D /* NSPointerArray+RXCExtension.swift */ = {isa = PBXFileReference; fileEncoding = 4; lastKnownFileType = sourcecode.swift; path = "NSPointerArray+RXCExtension.swift"; sourceTree = "<group>"; };
		802EAC60236C0CD0006C8A6D /* String+RXCExtension+MD5.swift */ = {isa = PBXFileReference; fileEncoding = 4; lastKnownFileType = sourcecode.swift; path = "String+RXCExtension+MD5.swift"; sourceTree = "<group>"; };
		802EAC61236C0CD0006C8A6D /* FloatingPoint+RXCExtension.swift */ = {isa = PBXFileReference; fileEncoding = 4; lastKnownFileType = sourcecode.swift; path = "FloatingPoint+RXCExtension.swift"; sourceTree = "<group>"; };
		802EAC62236C0CD0006C8A6D /* URLComponents+RXCExtension.swift */ = {isa = PBXFileReference; fileEncoding = 4; lastKnownFileType = sourcecode.swift; path = "URLComponents+RXCExtension.swift"; sourceTree = "<group>"; };
		802EAC63236C0CD0006C8A6D /* Error+URLError.swift */ = {isa = PBXFileReference; fileEncoding = 4; lastKnownFileType = sourcecode.swift; path = "Error+URLError.swift"; sourceTree = "<group>"; };
		802EAC64236C0CD0006C8A6D /* NSPointerArray+RXCExtension+Sequence.swift */ = {isa = PBXFileReference; fileEncoding = 4; lastKnownFileType = sourcecode.swift; path = "NSPointerArray+RXCExtension+Sequence.swift"; sourceTree = "<group>"; };
		802EAC65236C0CD0006C8A6D /* Bool+RXCExtension.swift */ = {isa = PBXFileReference; fileEncoding = 4; lastKnownFileType = sourcecode.swift; path = "Bool+RXCExtension.swift"; sourceTree = "<group>"; };
		802EAC66236C0CD0006C8A6D /* NSArray+RXCExtension.swift */ = {isa = PBXFileReference; fileEncoding = 4; lastKnownFileType = sourcecode.swift; path = "NSArray+RXCExtension.swift"; sourceTree = "<group>"; };
		802EAC67236C0CD0006C8A6D /* String+RXCExtension.swift */ = {isa = PBXFileReference; fileEncoding = 4; lastKnownFileType = sourcecode.swift; path = "String+RXCExtension.swift"; sourceTree = "<group>"; };
		802EAC68236C0CD0006C8A6D /* NSRegularExpression+RXCExtension.swift */ = {isa = PBXFileReference; fileEncoding = 4; lastKnownFileType = sourcecode.swift; path = "NSRegularExpression+RXCExtension.swift"; sourceTree = "<group>"; };
		802EAC69236C0CD0006C8A6D /* SwiftArray+RXCExtension.swift */ = {isa = PBXFileReference; fileEncoding = 4; lastKnownFileType = sourcecode.swift; path = "SwiftArray+RXCExtension.swift"; sourceTree = "<group>"; };
		802EAC6A236C0CD0006C8A6D /* NSAttributedString+RXCExtension.swift */ = {isa = PBXFileReference; fileEncoding = 4; lastKnownFileType = sourcecode.swift; path = "NSAttributedString+RXCExtension.swift"; sourceTree = "<group>"; };
		802EAC6B236C0CD0006C8A6D /* NSMutableAttributedString+RXCExtension.swift */ = {isa = PBXFileReference; fileEncoding = 4; lastKnownFileType = sourcecode.swift; path = "NSMutableAttributedString+RXCExtension.swift"; sourceTree = "<group>"; };
		802EAC6C236C0CD0006C8A6D /* Integer+RXCExtension.swift */ = {isa = PBXFileReference; fileEncoding = 4; lastKnownFileType = sourcecode.swift; path = "Integer+RXCExtension.swift"; sourceTree = "<group>"; };
		802EAC6D236C0CD0006C8A6D /* Data+RXCExtension.swift */ = {isa = PBXFileReference; fileEncoding = 4; lastKnownFileType = sourcecode.swift; path = "Data+RXCExtension.swift"; sourceTree = "<group>"; };
		802EAC6E236C0CD0006C8A6D /* URL+RXCExtension.swift */ = {isa = PBXFileReference; fileEncoding = 4; lastKnownFileType = sourcecode.swift; path = "URL+RXCExtension.swift"; sourceTree = "<group>"; };
		802EAC6F236C0CD0006C8A6D /* NSRange+RXCExtension.swift */ = {isa = PBXFileReference; fileEncoding = 4; lastKnownFileType = sourcecode.swift; path = "NSRange+RXCExtension.swift"; sourceTree = "<group>"; };
		802EACA0236C0F0D006C8A6D /* RXCMessagedError.swift */ = {isa = PBXFileReference; lastKnownFileType = sourcecode.swift; path = RXCMessagedError.swift; sourceTree = "<group>"; };
		802EACA2236C0F4A006C8A6D /* RXCSimpleMJRefreshHeader.swift */ = {isa = PBXFileReference; fileEncoding = 4; lastKnownFileType = sourcecode.swift; path = RXCSimpleMJRefreshHeader.swift; sourceTree = "<group>"; };
		802EACA6236C1469006C8A6D /* RXCBindableObject.swift */ = {isa = PBXFileReference; fileEncoding = 4; lastKnownFileType = sourcecode.swift; path = RXCBindableObject.swift; sourceTree = "<group>"; };
		802EACA8236C14EE006C8A6D /* RXCButton.swift */ = {isa = PBXFileReference; fileEncoding = 4; lastKnownFileType = sourcecode.swift; path = RXCButton.swift; sourceTree = "<group>"; };
		804988432373AF2200586B4F /* RXCMisc.swift */ = {isa = PBXFileReference; lastKnownFileType = sourcecode.swift; path = RXCMisc.swift; sourceTree = "<group>"; };
		80C8D57F236B3ED000664FC5 /* RXCSwiftComponents.framework */ = {isa = PBXFileReference; explicitFileType = wrapper.framework; includeInIndex = 0; path = RXCSwiftComponents.framework; sourceTree = BUILT_PRODUCTS_DIR; };
		80C8D582236B3ED000664FC5 /* RXCSwiftComponents.h */ = {isa = PBXFileReference; lastKnownFileType = sourcecode.c.h; path = RXCSwiftComponents.h; sourceTree = "<group>"; };
		80C8D583236B3ED000664FC5 /* Info.plist */ = {isa = PBXFileReference; lastKnownFileType = text.plist.xml; path = Info.plist; sourceTree = "<group>"; };
		80C8D588236B3ED100664FC5 /* RXCSwiftComponentsTests.xctest */ = {isa = PBXFileReference; explicitFileType = wrapper.cfbundle; includeInIndex = 0; path = RXCSwiftComponentsTests.xctest; sourceTree = BUILT_PRODUCTS_DIR; };
		80C8D58D236B3ED100664FC5 /* RXCSwiftComponentsTests.swift */ = {isa = PBXFileReference; lastKnownFileType = sourcecode.swift; path = RXCSwiftComponentsTests.swift; sourceTree = "<group>"; };
		80C8D58F236B3ED100664FC5 /* Info.plist */ = {isa = PBXFileReference; lastKnownFileType = text.plist.xml; path = Info.plist; sourceTree = "<group>"; };
		80CCEB8D236C80AF000FCD6F /* RXCListViewProtocol.swift */ = {isa = PBXFileReference; fileEncoding = 4; lastKnownFileType = sourcecode.swift; path = RXCListViewProtocol.swift; sourceTree = "<group>"; };
		80CCEB8F236C8118000FCD6F /* RXCScrollViewProtocol.swift */ = {isa = PBXFileReference; fileEncoding = 4; lastKnownFileType = sourcecode.swift; path = RXCScrollViewProtocol.swift; sourceTree = "<group>"; };
		80CCEB91236C812F000FCD6F /* RXCViewProtocol.swift */ = {isa = PBXFileReference; fileEncoding = 4; lastKnownFileType = sourcecode.swift; path = RXCViewProtocol.swift; sourceTree = "<group>"; };
		80CCEB93236C81C1000FCD6F /* UIView+RXCViewProtocol.swift */ = {isa = PBXFileReference; lastKnownFileType = sourcecode.swift; path = "UIView+RXCViewProtocol.swift"; sourceTree = "<group>"; };
		80CCEB96236C8215000FCD6F /* UICollectionView+RXCListViewProtocol.swift */ = {isa = PBXFileReference; fileEncoding = 4; lastKnownFileType = sourcecode.swift; path = "UICollectionView+RXCListViewProtocol.swift"; sourceTree = "<group>"; };
		80CCEB97236C8215000FCD6F /* UITableView+RXCListViewProtocol.swift */ = {isa = PBXFileReference; fileEncoding = 4; lastKnownFileType = sourcecode.swift; path = "UITableView+RXCListViewProtocol.swift"; sourceTree = "<group>"; };
		80CCEB9A236C82AE000FCD6F /* UIScrollView+RXCScrollViewProtocol.swift */ = {isa = PBXFileReference; lastKnownFileType = sourcecode.swift; path = "UIScrollView+RXCScrollViewProtocol.swift"; sourceTree = "<group>"; };
		80CCEB9D236C82FC000FCD6F /* ASTableNode+RXCScrollViewProtocol.swift */ = {isa = PBXFileReference; fileEncoding = 4; lastKnownFileType = sourcecode.swift; path = "ASTableNode+RXCScrollViewProtocol.swift"; sourceTree = "<group>"; };
		80CCEB9E236C82FC000FCD6F /* ASDisplayNode+RXCViewProtocol.swift */ = {isa = PBXFileReference; fileEncoding = 4; lastKnownFileType = sourcecode.swift; path = "ASDisplayNode+RXCViewProtocol.swift"; sourceTree = "<group>"; };
		80CCEB9F236C82FC000FCD6F /* ASScrollNode+RXCScrollViewProtocol.swift */ = {isa = PBXFileReference; fileEncoding = 4; lastKnownFileType = sourcecode.swift; path = "ASScrollNode+RXCScrollViewProtocol.swift"; sourceTree = "<group>"; };
		80CCEBA0236C82FC000FCD6F /* ASCollectionNode+RXCScrollViewProtocol.swift */ = {isa = PBXFileReference; fileEncoding = 4; lastKnownFileType = sourcecode.swift; path = "ASCollectionNode+RXCScrollViewProtocol.swift"; sourceTree = "<group>"; };
		80CCEBA5236C8305000FCD6F /* ASTableNode+RXCListViewProtocol.swift */ = {isa = PBXFileReference; fileEncoding = 4; lastKnownFileType = sourcecode.swift; path = "ASTableNode+RXCListViewProtocol.swift"; sourceTree = "<group>"; };
		80CCEBA6236C8305000FCD6F /* ASCollectionNode+RXCListViewProtocol.swift */ = {isa = PBXFileReference; fileEncoding = 4; lastKnownFileType = sourcecode.swift; path = "ASCollectionNode+RXCListViewProtocol.swift"; sourceTree = "<group>"; };
		80DBB922236BD38300DF0044 /* MyPlayground.playground */ = {isa = PBXFileReference; lastKnownFileType = file.playground; path = MyPlayground.playground; sourceTree = "<group>"; xcLanguageSpecificationIdentifier = xcode.lang.swift; };
		80E45C6B238B6CA6009FBF76 /* RXCComponents.swift */ = {isa = PBXFileReference; lastKnownFileType = sourcecode.swift; path = RXCComponents.swift; sourceTree = "<group>"; };
		80F8156B236FD2A0001030D9 /* RXCMultipartFormDataSpec.swift */ = {isa = PBXFileReference; fileEncoding = 4; lastKnownFileType = sourcecode.swift; path = RXCMultipartFormDataSpec.swift; sourceTree = "<group>"; };
		80F8156F236FD2DF001030D9 /* MultipartFormData+RXCMultipartFormDataSpec.swift */ = {isa = PBXFileReference; lastKnownFileType = sourcecode.swift; path = "MultipartFormData+RXCMultipartFormDataSpec.swift"; sourceTree = "<group>"; };
		80F81571236FF391001030D9 /* RXCMultipartFormDataSpec+Alamofire.swift */ = {isa = PBXFileReference; lastKnownFileType = sourcecode.swift; path = "RXCMultipartFormDataSpec+Alamofire.swift"; sourceTree = "<group>"; };
		80F81577236FFA14001030D9 /* RXCParserProtocol.swift */ = {isa = PBXFileReference; fileEncoding = 4; lastKnownFileType = sourcecode.swift; path = RXCParserProtocol.swift; sourceTree = "<group>"; };
		80FED11523726EEE0097E0D0 /* RXCFakeNavigationBar.swift */ = {isa = PBXFileReference; lastKnownFileType = sourcecode.swift; path = RXCFakeNavigationBar.swift; sourceTree = "<group>"; };
		80FED11B2372DC3F0097E0D0 /* RXCCenterButtonTabBar.swift */ = {isa = PBXFileReference; lastKnownFileType = sourcecode.swift; path = RXCCenterButtonTabBar.swift; sourceTree = "<group>"; };
		9D3F90484F4856532A780371 /* Pods-RXCSwiftComponents.debug.xcconfig */ = {isa = PBXFileReference; includeInIndex = 1; lastKnownFileType = text.xcconfig; name = "Pods-RXCSwiftComponents.debug.xcconfig"; path = "Target Support Files/Pods-RXCSwiftComponents/Pods-RXCSwiftComponents.debug.xcconfig"; sourceTree = "<group>"; };
		9D639884B02DA482F2C4297B /* Pods-RXCSwiftComponents-RXCSwiftComponentsTests.release.xcconfig */ = {isa = PBXFileReference; includeInIndex = 1; lastKnownFileType = text.xcconfig; name = "Pods-RXCSwiftComponents-RXCSwiftComponentsTests.release.xcconfig"; path = "Target Support Files/Pods-RXCSwiftComponents-RXCSwiftComponentsTests/Pods-RXCSwiftComponents-RXCSwiftComponentsTests.release.xcconfig"; sourceTree = "<group>"; };
		A4D6B4524C59E6E7BCA4777E /* Pods-RXCSwiftComponents-RXCSwiftComponentsTests.debug.xcconfig */ = {isa = PBXFileReference; includeInIndex = 1; lastKnownFileType = text.xcconfig; name = "Pods-RXCSwiftComponents-RXCSwiftComponentsTests.debug.xcconfig"; path = "Target Support Files/Pods-RXCSwiftComponents-RXCSwiftComponentsTests/Pods-RXCSwiftComponents-RXCSwiftComponentsTests.debug.xcconfig"; sourceTree = "<group>"; };
		D09291D4544D98E8E19CFE36 /* Pods_RXCSwiftComponents.framework */ = {isa = PBXFileReference; explicitFileType = wrapper.framework; includeInIndex = 0; path = Pods_RXCSwiftComponents.framework; sourceTree = BUILT_PRODUCTS_DIR; };
		F217FB27BBE97893F0099065 /* Pods_RXCSwiftComponents_RXCSwiftComponentsTests.framework */ = {isa = PBXFileReference; explicitFileType = wrapper.framework; includeInIndex = 0; path = Pods_RXCSwiftComponents_RXCSwiftComponentsTests.framework; sourceTree = BUILT_PRODUCTS_DIR; };
/* End PBXFileReference section */

/* Begin PBXFrameworksBuildPhase section */
		80C8D57C236B3ED000664FC5 /* Frameworks */ = {
			isa = PBXFrameworksBuildPhase;
			buildActionMask = 2147483647;
			files = (
				959647C29BA5D8842B5C1EF9 /* Pods_RXCSwiftComponents.framework in Frameworks */,
			);
			runOnlyForDeploymentPostprocessing = 0;
		};
		80C8D585236B3ED100664FC5 /* Frameworks */ = {
			isa = PBXFrameworksBuildPhase;
			buildActionMask = 2147483647;
			files = (
				80C8D589236B3ED100664FC5 /* RXCSwiftComponents.framework in Frameworks */,
				B22893FD9D498446A0B91C02 /* Pods_RXCSwiftComponents_RXCSwiftComponentsTests.framework in Frameworks */,
			);
			runOnlyForDeploymentPostprocessing = 0;
		};
/* End PBXFrameworksBuildPhase section */

/* Begin PBXGroup section */
		1615280D95CB57009B5B167A /* Frameworks */ = {
			isa = PBXGroup;
			children = (
				D09291D4544D98E8E19CFE36 /* Pods_RXCSwiftComponents.framework */,
				F217FB27BBE97893F0099065 /* Pods_RXCSwiftComponents_RXCSwiftComponentsTests.framework */,
			);
			name = Frameworks;
			sourceTree = "<group>";
		};
		64FFADBC7866DA01DAF7A1BE /* Pods */ = {
			isa = PBXGroup;
			children = (
				9D3F90484F4856532A780371 /* Pods-RXCSwiftComponents.debug.xcconfig */,
				298198BB5C9148F9CB8918A3 /* Pods-RXCSwiftComponents.release.xcconfig */,
				A4D6B4524C59E6E7BCA4777E /* Pods-RXCSwiftComponents-RXCSwiftComponentsTests.debug.xcconfig */,
				9D639884B02DA482F2C4297B /* Pods-RXCSwiftComponents-RXCSwiftComponentsTests.release.xcconfig */,
			);
			path = Pods;
			sourceTree = "<group>";
		};
		802EAC3A236C0CD0006C8A6D /* ASDK */ = {
			isa = PBXGroup;
			children = (
				802EAC3B236C0CD0006C8A6D /* Extension */,
			);
			path = ASDK;
			sourceTree = "<group>";
		};
		802EAC3B236C0CD0006C8A6D /* Extension */ = {
			isa = PBXGroup;
			children = (
				80CCEB9C236C82DC000FCD6F /* ViewProtocol */,
				802EAC3C236C0CD0006C8A6D /* ASCellNode+RXCExtension.swift */,
				802EAC3D236C0CD0006C8A6D /* ASTextNode+Label.swift */,
				802EAC3E236C0CD0006C8A6D /* PINRemoteImageManager+RXCExtension.swift */,
				802EAC3F236C0CD0006C8A6D /* ASNetworkImageNode+RXCExtension.swift */,
				802EAC40236C0CD0006C8A6D /* ASImageNode+RXCExtension.swift */,
				802EAC41236C0CD0006C8A6D /* ASLayoutElement+Link.swift */,
				802EAC42236C0CD0006C8A6D /* ASLayoutElementStyle+Link.swift */,
				802EAC43236C0CD0006C8A6D /* ASTextNode+RXCExtension.swift */,
				802EAC44236C0CD0006C8A6D /* ASTableNode+RXCExtension.swift */,
				802EAC45236C0CD0006C8A6D /* ASLayoutElement+RXCExtension.swift */,
				802EAC46236C0CD0006C8A6D /* ASDisplayNode+RXCExtension.swift */,
			);
			path = Extension;
			sourceTree = "<group>";
		};
		802EAC47236C0CD0006C8A6D /* Core */ = {
			isa = PBXGroup;
			children = (
				80CCEB8C236C808E000FCD6F /* Protocol */,
				802EAC9F236C0EFD006C8A6D /* Components */,
				802EAC48236C0CD0006C8A6D /* Extension */,
			);
			path = Core;
			sourceTree = "<group>";
		};
		802EAC48236C0CD0006C8A6D /* Extension */ = {
			isa = PBXGroup;
			children = (
				802EAC49236C0CD0006C8A6D /* CoreGraphics */,
				802EAC4E236C0CD0006C8A6D /* UIKit */,
				802EAC5A236C0CD0006C8A6D /* Foundation */,
			);
			path = Extension;
			sourceTree = "<group>";
		};
		802EAC49236C0CD0006C8A6D /* CoreGraphics */ = {
			isa = PBXGroup;
			children = (
				802EAC4A236C0CD0006C8A6D /* CGImage+RXCExtension.swift */,
				802EAC4B236C0CD0006C8A6D /* CGSize+RXCExtension.swift */,
				802EAC4C236C0CD0006C8A6D /* CGRect+Extension.swift */,
				802EAC4D236C0CD0006C8A6D /* CGFloat+Extension.swift */,
			);
			path = CoreGraphics;
			sourceTree = "<group>";
		};
		802EAC4E236C0CD0006C8A6D /* UIKit */ = {
			isa = PBXGroup;
			children = (
				80CCEB95236C8207000FCD6F /* ViewProtocol */,
				802EAC4F236C0CD0006C8A6D /* UINavigationBar+RXCExtension.swift */,
				802EAC50236C0CD0006C8A6D /* UIResponder+RXCExtension.swift */,
				802EAC51236C0CD0006C8A6D /* UIColor+RXCExtension.swift */,
				802EAC52236C0CD0006C8A6D /* UIView+RXCExtension.swift */,
				802EAC53236C0CD0006C8A6D /* UIViewController+RXCExtension.swift */,
				802EAC54236C0CD0006C8A6D /* UIFont+RXCExtension.swift */,
				802EAC55236C0CD0006C8A6D /* UITableViewCell+RXCExtension.swift */,
				802EAC56236C0CD0006C8A6D /* UITextView+RXCExtension.swift */,
				802EAC57236C0CD0006C8A6D /* UILayoutPriority+RXCExtension.swift */,
				802EAC58236C0CD0006C8A6D /* UIEdgeInsets+RXCExtension.swift */,
				802EAC59236C0CD0006C8A6D /* UIImage+RXCExtension.swift */,
			);
			path = UIKit;
			sourceTree = "<group>";
		};
		802EAC5A236C0CD0006C8A6D /* Foundation */ = {
			isa = PBXGroup;
			children = (
				802EAC5B236C0CD0006C8A6D /* CharacterSet+RXCExtension.swift */,
				802EAC5C236C0CD0006C8A6D /* Result+RXCExtension.swift */,
				802EAC5D236C0CD0006C8A6D /* TimeInterval+RXCExtension.swift */,
				802EAC5E236C0CD0006C8A6D /* DispatchTime+RXCExtension.swift */,
				802EAC5F236C0CD0006C8A6D /* NSPointerArray+RXCExtension.swift */,
				802EAC60236C0CD0006C8A6D /* String+RXCExtension+MD5.swift */,
				802EAC61236C0CD0006C8A6D /* FloatingPoint+RXCExtension.swift */,
				802EAC62236C0CD0006C8A6D /* URLComponents+RXCExtension.swift */,
				802EAC63236C0CD0006C8A6D /* Error+URLError.swift */,
				802EAC64236C0CD0006C8A6D /* NSPointerArray+RXCExtension+Sequence.swift */,
				802EAC65236C0CD0006C8A6D /* Bool+RXCExtension.swift */,
				802EAC66236C0CD0006C8A6D /* NSArray+RXCExtension.swift */,
				802EAC67236C0CD0006C8A6D /* String+RXCExtension.swift */,
				802EAC68236C0CD0006C8A6D /* NSRegularExpression+RXCExtension.swift */,
				802EAC69236C0CD0006C8A6D /* SwiftArray+RXCExtension.swift */,
				802EAC6A236C0CD0006C8A6D /* NSAttributedString+RXCExtension.swift */,
				802EAC6B236C0CD0006C8A6D /* NSMutableAttributedString+RXCExtension.swift */,
				802EAC6C236C0CD0006C8A6D /* Integer+RXCExtension.swift */,
				802EAC6D236C0CD0006C8A6D /* Data+RXCExtension.swift */,
				802EAC6E236C0CD0006C8A6D /* URL+RXCExtension.swift */,
				802EAC6F236C0CD0006C8A6D /* NSRange+RXCExtension.swift */,
			);
			path = Foundation;
			sourceTree = "<group>";
		};
		802EAC9F236C0EFD006C8A6D /* Components */ = {
			isa = PBXGroup;
			children = (
				802EACA0236C0F0D006C8A6D /* RXCMessagedError.swift */,
				802EACA6236C1469006C8A6D /* RXCBindableObject.swift */,
				802EACA8236C14EE006C8A6D /* RXCButton.swift */,
				80F8156B236FD2A0001030D9 /* RXCMultipartFormDataSpec.swift */,
				80FED11523726EEE0097E0D0 /* RXCFakeNavigationBar.swift */,
				80FED11B2372DC3F0097E0D0 /* RXCCenterButtonTabBar.swift */,
				804988432373AF2200586B4F /* RXCMisc.swift */,
				80E45C6B238B6CA6009FBF76 /* RXCComponents.swift */,
			);
			path = Components;
			sourceTree = "<group>";
		};
		802EACA4236C0F5A006C8A6D /* MJRefresh */ = {
			isa = PBXGroup;
			children = (
				802EACA5236C0F5F006C8A6D /* Components */,
			);
			path = MJRefresh;
			sourceTree = "<group>";
		};
		802EACA5236C0F5F006C8A6D /* Components */ = {
			isa = PBXGroup;
			children = (
				802EACA2236C0F4A006C8A6D /* RXCSimpleMJRefreshHeader.swift */,
			);
			path = Components;
			sourceTree = "<group>";
		};
		80C8D575236B3ED000664FC5 = {
			isa = PBXGroup;
			children = (
				80DBB922236BD38300DF0044 /* MyPlayground.playground */,
				80C8D599236B3F6600664FC5 /* Source */,
				80C8D581236B3ED000664FC5 /* RXCSwiftComponents */,
				80C8D58C236B3ED100664FC5 /* RXCSwiftComponentsTests */,
				80C8D580236B3ED000664FC5 /* Products */,
				64FFADBC7866DA01DAF7A1BE /* Pods */,
				1615280D95CB57009B5B167A /* Frameworks */,
			);
			sourceTree = "<group>";
		};
		80C8D580236B3ED000664FC5 /* Products */ = {
			isa = PBXGroup;
			children = (
				80C8D57F236B3ED000664FC5 /* RXCSwiftComponents.framework */,
				80C8D588236B3ED100664FC5 /* RXCSwiftComponentsTests.xctest */,
			);
			name = Products;
			sourceTree = "<group>";
		};
		80C8D581236B3ED000664FC5 /* RXCSwiftComponents */ = {
			isa = PBXGroup;
			children = (
				80C8D582236B3ED000664FC5 /* RXCSwiftComponents.h */,
				80C8D583236B3ED000664FC5 /* Info.plist */,
			);
			path = RXCSwiftComponents;
			sourceTree = "<group>";
		};
		80C8D58C236B3ED100664FC5 /* RXCSwiftComponentsTests */ = {
			isa = PBXGroup;
			children = (
				80C8D58D236B3ED100664FC5 /* RXCSwiftComponentsTests.swift */,
				80C8D58F236B3ED100664FC5 /* Info.plist */,
			);
			path = RXCSwiftComponentsTests;
			sourceTree = "<group>";
		};
		80C8D599236B3F6600664FC5 /* Source */ = {
			isa = PBXGroup;
			children = (
				80F81568236FCF4E001030D9 /* Alamofire */,
				802EACA4236C0F5A006C8A6D /* MJRefresh */,
				802EAC3A236C0CD0006C8A6D /* ASDK */,
				802EAC47236C0CD0006C8A6D /* Core */,
			);
			path = Source;
			sourceTree = "<group>";
		};
		80CCEB8C236C808E000FCD6F /* Protocol */ = {
			isa = PBXGroup;
			children = (
				80CCEB8D236C80AF000FCD6F /* RXCListViewProtocol.swift */,
				80CCEB8F236C8118000FCD6F /* RXCScrollViewProtocol.swift */,
				80CCEB91236C812F000FCD6F /* RXCViewProtocol.swift */,
				80F81577236FFA14001030D9 /* RXCParserProtocol.swift */,
			);
			path = Protocol;
			sourceTree = "<group>";
		};
		80CCEB95236C8207000FCD6F /* ViewProtocol */ = {
			isa = PBXGroup;
			children = (
				80CCEB93236C81C1000FCD6F /* UIView+RXCViewProtocol.swift */,
				80CCEB96236C8215000FCD6F /* UICollectionView+RXCListViewProtocol.swift */,
				80CCEB97236C8215000FCD6F /* UITableView+RXCListViewProtocol.swift */,
				80CCEB9A236C82AE000FCD6F /* UIScrollView+RXCScrollViewProtocol.swift */,
			);
			path = ViewProtocol;
			sourceTree = "<group>";
		};
		80CCEB9C236C82DC000FCD6F /* ViewProtocol */ = {
			isa = PBXGroup;
			children = (
				80CCEB9E236C82FC000FCD6F /* ASDisplayNode+RXCViewProtocol.swift */,
				80CCEB9F236C82FC000FCD6F /* ASScrollNode+RXCScrollViewProtocol.swift */,
				80CCEB9D236C82FC000FCD6F /* ASTableNode+RXCScrollViewProtocol.swift */,
				80CCEBA0236C82FC000FCD6F /* ASCollectionNode+RXCScrollViewProtocol.swift */,
				80CCEBA5236C8305000FCD6F /* ASTableNode+RXCListViewProtocol.swift */,
				80CCEBA6236C8305000FCD6F /* ASCollectionNode+RXCListViewProtocol.swift */,
			);
			path = ViewProtocol;
			sourceTree = "<group>";
		};
		80F81568236FCF4E001030D9 /* Alamofire */ = {
			isa = PBXGroup;
			children = (
				80F8156E236FD2BF001030D9 /* Extension */,
			);
			path = Alamofire;
			sourceTree = "<group>";
		};
		80F8156E236FD2BF001030D9 /* Extension */ = {
			isa = PBXGroup;
			children = (
				80F8156F236FD2DF001030D9 /* MultipartFormData+RXCMultipartFormDataSpec.swift */,
				80F81571236FF391001030D9 /* RXCMultipartFormDataSpec+Alamofire.swift */,
			);
			path = Extension;
			sourceTree = "<group>";
		};
/* End PBXGroup section */

/* Begin PBXHeadersBuildPhase section */
		80C8D57A236B3ED000664FC5 /* Headers */ = {
			isa = PBXHeadersBuildPhase;
			buildActionMask = 2147483647;
			files = (
				80C8D590236B3ED100664FC5 /* RXCSwiftComponents.h in Headers */,
			);
			runOnlyForDeploymentPostprocessing = 0;
		};
/* End PBXHeadersBuildPhase section */

/* Begin PBXNativeTarget section */
		80C8D57E236B3ED000664FC5 /* RXCSwiftComponents */ = {
			isa = PBXNativeTarget;
			buildConfigurationList = 80C8D593236B3ED100664FC5 /* Build configuration list for PBXNativeTarget "RXCSwiftComponents" */;
			buildPhases = (
				560AC33E5BD5C2D36B893E46 /* [CP] Check Pods Manifest.lock */,
				80C8D57A236B3ED000664FC5 /* Headers */,
				80C8D57B236B3ED000664FC5 /* Sources */,
				80C8D57C236B3ED000664FC5 /* Frameworks */,
				80C8D57D236B3ED000664FC5 /* Resources */,
			);
			buildRules = (
			);
			dependencies = (
			);
			name = RXCSwiftComponents;
			productName = RXCSwiftComponents;
			productReference = 80C8D57F236B3ED000664FC5 /* RXCSwiftComponents.framework */;
			productType = "com.apple.product-type.framework";
		};
		80C8D587236B3ED100664FC5 /* RXCSwiftComponentsTests */ = {
			isa = PBXNativeTarget;
			buildConfigurationList = 80C8D596236B3ED100664FC5 /* Build configuration list for PBXNativeTarget "RXCSwiftComponentsTests" */;
			buildPhases = (
				28AA757DB58447C99BDB84BA /* [CP] Check Pods Manifest.lock */,
				80C8D584236B3ED100664FC5 /* Sources */,
				80C8D585236B3ED100664FC5 /* Frameworks */,
				80C8D586236B3ED100664FC5 /* Resources */,
				5212E093B20971B78B9622AF /* [CP] Embed Pods Frameworks */,
			);
			buildRules = (
			);
			dependencies = (
				80C8D58B236B3ED100664FC5 /* PBXTargetDependency */,
			);
			name = RXCSwiftComponentsTests;
			productName = RXCSwiftComponentsTests;
			productReference = 80C8D588236B3ED100664FC5 /* RXCSwiftComponentsTests.xctest */;
			productType = "com.apple.product-type.bundle.unit-test";
		};
/* End PBXNativeTarget section */

/* Begin PBXProject section */
		80C8D576236B3ED000664FC5 /* Project object */ = {
			isa = PBXProject;
			attributes = {
				LastSwiftUpdateCheck = 1110;
				LastUpgradeCheck = 1110;
				ORGANIZATIONNAME = ruixingchen;
				TargetAttributes = {
					80C8D57E236B3ED000664FC5 = {
						CreatedOnToolsVersion = 11.1;
						LastSwiftMigration = 1110;
					};
					80C8D587236B3ED100664FC5 = {
						CreatedOnToolsVersion = 11.1;
					};
				};
			};
			buildConfigurationList = 80C8D579236B3ED000664FC5 /* Build configuration list for PBXProject "RXCSwiftComponents" */;
			compatibilityVersion = "Xcode 9.3";
			developmentRegion = en;
			hasScannedForEncodings = 0;
			knownRegions = (
				en,
				Base,
			);
			mainGroup = 80C8D575236B3ED000664FC5;
			productRefGroup = 80C8D580236B3ED000664FC5 /* Products */;
			projectDirPath = "";
			projectRoot = "";
			targets = (
				80C8D57E236B3ED000664FC5 /* RXCSwiftComponents */,
				80C8D587236B3ED100664FC5 /* RXCSwiftComponentsTests */,
			);
		};
/* End PBXProject section */

/* Begin PBXResourcesBuildPhase section */
		80C8D57D236B3ED000664FC5 /* Resources */ = {
			isa = PBXResourcesBuildPhase;
			buildActionMask = 2147483647;
			files = (
			);
			runOnlyForDeploymentPostprocessing = 0;
		};
		80C8D586236B3ED100664FC5 /* Resources */ = {
			isa = PBXResourcesBuildPhase;
			buildActionMask = 2147483647;
			files = (
			);
			runOnlyForDeploymentPostprocessing = 0;
		};
/* End PBXResourcesBuildPhase section */

/* Begin PBXShellScriptBuildPhase section */
		28AA757DB58447C99BDB84BA /* [CP] Check Pods Manifest.lock */ = {
			isa = PBXShellScriptBuildPhase;
			buildActionMask = 2147483647;
			files = (
			);
			inputFileListPaths = (
			);
			inputPaths = (
				"${PODS_PODFILE_DIR_PATH}/Podfile.lock",
				"${PODS_ROOT}/Manifest.lock",
			);
			name = "[CP] Check Pods Manifest.lock";
			outputFileListPaths = (
			);
			outputPaths = (
				"$(DERIVED_FILE_DIR)/Pods-RXCSwiftComponents-RXCSwiftComponentsTests-checkManifestLockResult.txt",
			);
			runOnlyForDeploymentPostprocessing = 0;
			shellPath = /bin/sh;
			shellScript = "diff \"${PODS_PODFILE_DIR_PATH}/Podfile.lock\" \"${PODS_ROOT}/Manifest.lock\" > /dev/null\nif [ $? != 0 ] ; then\n    # print error to STDERR\n    echo \"error: The sandbox is not in sync with the Podfile.lock. Run 'pod install' or update your CocoaPods installation.\" >&2\n    exit 1\nfi\n# This output is used by Xcode 'outputs' to avoid re-running this script phase.\necho \"SUCCESS\" > \"${SCRIPT_OUTPUT_FILE_0}\"\n";
			showEnvVarsInLog = 0;
		};
		5212E093B20971B78B9622AF /* [CP] Embed Pods Frameworks */ = {
			isa = PBXShellScriptBuildPhase;
			buildActionMask = 2147483647;
			files = (
			);
			inputFileListPaths = (
				"${PODS_ROOT}/Target Support Files/Pods-RXCSwiftComponents-RXCSwiftComponentsTests/Pods-RXCSwiftComponents-RXCSwiftComponentsTests-frameworks-${CONFIGURATION}-input-files.xcfilelist",
			);
			name = "[CP] Embed Pods Frameworks";
			outputFileListPaths = (
				"${PODS_ROOT}/Target Support Files/Pods-RXCSwiftComponents-RXCSwiftComponentsTests/Pods-RXCSwiftComponents-RXCSwiftComponentsTests-frameworks-${CONFIGURATION}-output-files.xcfilelist",
			);
			runOnlyForDeploymentPostprocessing = 0;
			shellPath = /bin/sh;
			shellScript = "\"${PODS_ROOT}/Target Support Files/Pods-RXCSwiftComponents-RXCSwiftComponentsTests/Pods-RXCSwiftComponents-RXCSwiftComponentsTests-frameworks.sh\"\n";
			showEnvVarsInLog = 0;
		};
		560AC33E5BD5C2D36B893E46 /* [CP] Check Pods Manifest.lock */ = {
			isa = PBXShellScriptBuildPhase;
			buildActionMask = 2147483647;
			files = (
			);
			inputFileListPaths = (
			);
			inputPaths = (
				"${PODS_PODFILE_DIR_PATH}/Podfile.lock",
				"${PODS_ROOT}/Manifest.lock",
			);
			name = "[CP] Check Pods Manifest.lock";
			outputFileListPaths = (
			);
			outputPaths = (
				"$(DERIVED_FILE_DIR)/Pods-RXCSwiftComponents-checkManifestLockResult.txt",
			);
			runOnlyForDeploymentPostprocessing = 0;
			shellPath = /bin/sh;
			shellScript = "diff \"${PODS_PODFILE_DIR_PATH}/Podfile.lock\" \"${PODS_ROOT}/Manifest.lock\" > /dev/null\nif [ $? != 0 ] ; then\n    # print error to STDERR\n    echo \"error: The sandbox is not in sync with the Podfile.lock. Run 'pod install' or update your CocoaPods installation.\" >&2\n    exit 1\nfi\n# This output is used by Xcode 'outputs' to avoid re-running this script phase.\necho \"SUCCESS\" > \"${SCRIPT_OUTPUT_FILE_0}\"\n";
			showEnvVarsInLog = 0;
		};
/* End PBXShellScriptBuildPhase section */

/* Begin PBXSourcesBuildPhase section */
		80C8D57B236B3ED000664FC5 /* Sources */ = {
			isa = PBXSourcesBuildPhase;
			buildActionMask = 2147483647;
			files = (
				802EAC88236C0CD0006C8A6D /* UIEdgeInsets+RXCExtension.swift in Sources */,
				802EAC9D236C0CD0006C8A6D /* URL+RXCExtension.swift in Sources */,
				80CCEBA8236C8305000FCD6F /* ASCollectionNode+RXCListViewProtocol.swift in Sources */,
				80FED11623726EEE0097E0D0 /* RXCFakeNavigationBar.swift in Sources */,
				802EAC9E236C0CD0006C8A6D /* NSRange+RXCExtension.swift in Sources */,
				802EAC8E236C0CD0006C8A6D /* NSPointerArray+RXCExtension.swift in Sources */,
				802EACA3236C0F4A006C8A6D /* RXCSimpleMJRefreshHeader.swift in Sources */,
				802EAC86236C0CD0006C8A6D /* UITextView+RXCExtension.swift in Sources */,
				802EAC87236C0CD0006C8A6D /* UILayoutPriority+RXCExtension.swift in Sources */,
				80CCEBA4236C82FC000FCD6F /* ASCollectionNode+RXCScrollViewProtocol.swift in Sources */,
				802EAC9C236C0CD0006C8A6D /* Data+RXCExtension.swift in Sources */,
				802EAC91236C0CD0006C8A6D /* URLComponents+RXCExtension.swift in Sources */,
				802EAC7C236C0CD0006C8A6D /* CGSize+RXCExtension.swift in Sources */,
				802EAC78236C0CD0006C8A6D /* ASTableNode+RXCExtension.swift in Sources */,
				80FED11C2372DC3F0097E0D0 /* RXCCenterButtonTabBar.swift in Sources */,
				80F8156C236FD2A0001030D9 /* RXCMultipartFormDataSpec.swift in Sources */,
				802EAC73236C0CD0006C8A6D /* ASNetworkImageNode+RXCExtension.swift in Sources */,
				80F81572236FF391001030D9 /* RXCMultipartFormDataSpec+Alamofire.swift in Sources */,
				802EAC70236C0CD0006C8A6D /* ASCellNode+RXCExtension.swift in Sources */,
				802EAC83236C0CD0006C8A6D /* UIViewController+RXCExtension.swift in Sources */,
				802EAC9A236C0CD0006C8A6D /* NSMutableAttributedString+RXCExtension.swift in Sources */,
				802EAC95236C0CD0006C8A6D /* NSArray+RXCExtension.swift in Sources */,
				802EAC92236C0CD0006C8A6D /* Error+URLError.swift in Sources */,
				80E45C6C238B6CA6009FBF76 /* RXCComponents.swift in Sources */,
				80CCEB98236C8215000FCD6F /* UICollectionView+RXCListViewProtocol.swift in Sources */,
				802EAC85236C0CD0006C8A6D /* UITableViewCell+RXCExtension.swift in Sources */,
				802EAC71236C0CD0006C8A6D /* ASTextNode+Label.swift in Sources */,
				802EAC74236C0CD0006C8A6D /* ASImageNode+RXCExtension.swift in Sources */,
				80CCEBA7236C8305000FCD6F /* ASTableNode+RXCListViewProtocol.swift in Sources */,
				80CCEB9B236C82AE000FCD6F /* UIScrollView+RXCScrollViewProtocol.swift in Sources */,
				802EAC84236C0CD0006C8A6D /* UIFont+RXCExtension.swift in Sources */,
				802EAC77236C0CD0006C8A6D /* ASTextNode+RXCExtension.swift in Sources */,
				802EAC97236C0CD0006C8A6D /* NSRegularExpression+RXCExtension.swift in Sources */,
				802EAC79236C0CD0006C8A6D /* ASLayoutElement+RXCExtension.swift in Sources */,
				802EACA9236C14EE006C8A6D /* RXCButton.swift in Sources */,
				802EAC80236C0CD0006C8A6D /* UIResponder+RXCExtension.swift in Sources */,
				802EAC75236C0CD0006C8A6D /* ASLayoutElement+Link.swift in Sources */,
				80CCEBA2236C82FC000FCD6F /* ASDisplayNode+RXCViewProtocol.swift in Sources */,
				802EAC94236C0CD0006C8A6D /* Bool+RXCExtension.swift in Sources */,
				80CCEB92236C812F000FCD6F /* RXCViewProtocol.swift in Sources */,
				80F81570236FD2DF001030D9 /* MultipartFormData+RXCMultipartFormDataSpec.swift in Sources */,
				802EAC7F236C0CD0006C8A6D /* UINavigationBar+RXCExtension.swift in Sources */,
				802EAC8C236C0CD0006C8A6D /* TimeInterval+RXCExtension.swift in Sources */,
				802EAC96236C0CD0006C8A6D /* String+RXCExtension.swift in Sources */,
				802EAC7D236C0CD0006C8A6D /* CGRect+Extension.swift in Sources */,
				80CCEB8E236C80AF000FCD6F /* RXCListViewProtocol.swift in Sources */,
				80CCEB99236C8215000FCD6F /* UITableView+RXCListViewProtocol.swift in Sources */,
				802EAC82236C0CD0006C8A6D /* UIView+RXCExtension.swift in Sources */,
				802EAC8F236C0CD0006C8A6D /* String+RXCExtension+MD5.swift in Sources */,
				802EAC76236C0CD0006C8A6D /* ASLayoutElementStyle+Link.swift in Sources */,
				802EACA1236C0F0D006C8A6D /* RXCMessagedError.swift in Sources */,
				802EAC8B236C0CD0006C8A6D /* Result+RXCExtension.swift in Sources */,
				802EAC7A236C0CD0006C8A6D /* ASDisplayNode+RXCExtension.swift in Sources */,
				802EAC99236C0CD0006C8A6D /* NSAttributedString+RXCExtension.swift in Sources */,
				80CCEB94236C81C1000FCD6F /* UIView+RXCViewProtocol.swift in Sources */,
				80CCEB90236C8119000FCD6F /* RXCScrollViewProtocol.swift in Sources */,
				804988442373AF2200586B4F /* RXCMisc.swift in Sources */,
				802EAC72236C0CD0006C8A6D /* PINRemoteImageManager+RXCExtension.swift in Sources */,
				802EAC98236C0CD0006C8A6D /* SwiftArray+RXCExtension.swift in Sources */,
				802EAC81236C0CD0006C8A6D /* UIColor+RXCExtension.swift in Sources */,
				802EAC9B236C0CD0006C8A6D /* Integer+RXCExtension.swift in Sources */,
				802EAC90236C0CD0006C8A6D /* FloatingPoint+RXCExtension.swift in Sources */,
				80F81578236FFA14001030D9 /* RXCParserProtocol.swift in Sources */,
				802EACA7236C1469006C8A6D /* RXCBindableObject.swift in Sources */,
				802EAC89236C0CD0006C8A6D /* UIImage+RXCExtension.swift in Sources */,
				802EAC8D236C0CD0006C8A6D /* DispatchTime+RXCExtension.swift in Sources */,
				802EAC8A236C0CD0006C8A6D /* CharacterSet+RXCExtension.swift in Sources */,
				802EAC7B236C0CD0006C8A6D /* CGImage+RXCExtension.swift in Sources */,
				80CCEBA1236C82FC000FCD6F /* ASTableNode+RXCScrollViewProtocol.swift in Sources */,
				802EAC7E236C0CD0006C8A6D /* CGFloat+Extension.swift in Sources */,
				80CCEBA3236C82FC000FCD6F /* ASScrollNode+RXCScrollViewProtocol.swift in Sources */,
				802EAC93236C0CD0006C8A6D /* NSPointerArray+RXCExtension+Sequence.swift in Sources */,
			);
			runOnlyForDeploymentPostprocessing = 0;
		};
		80C8D584236B3ED100664FC5 /* Sources */ = {
			isa = PBXSourcesBuildPhase;
			buildActionMask = 2147483647;
			files = (
				80C8D58E236B3ED100664FC5 /* RXCSwiftComponentsTests.swift in Sources */,
			);
			runOnlyForDeploymentPostprocessing = 0;
		};
/* End PBXSourcesBuildPhase section */

/* Begin PBXTargetDependency section */
		80C8D58B236B3ED100664FC5 /* PBXTargetDependency */ = {
			isa = PBXTargetDependency;
			target = 80C8D57E236B3ED000664FC5 /* RXCSwiftComponents */;
			targetProxy = 80C8D58A236B3ED100664FC5 /* PBXContainerItemProxy */;
		};
/* End PBXTargetDependency section */

/* Begin XCBuildConfiguration section */
		80C8D591236B3ED100664FC5 /* Debug */ = {
			isa = XCBuildConfiguration;
			buildSettings = {
				ALWAYS_SEARCH_USER_PATHS = NO;
				CLANG_ANALYZER_NONNULL = YES;
				CLANG_ANALYZER_NUMBER_OBJECT_CONVERSION = YES_AGGRESSIVE;
				CLANG_CXX_LANGUAGE_STANDARD = "gnu++14";
				CLANG_CXX_LIBRARY = "libc++";
				CLANG_ENABLE_MODULES = YES;
				CLANG_ENABLE_OBJC_ARC = YES;
				CLANG_ENABLE_OBJC_WEAK = YES;
				CLANG_WARN_BLOCK_CAPTURE_AUTORELEASING = YES;
				CLANG_WARN_BOOL_CONVERSION = YES;
				CLANG_WARN_COMMA = YES;
				CLANG_WARN_CONSTANT_CONVERSION = YES;
				CLANG_WARN_DEPRECATED_OBJC_IMPLEMENTATIONS = YES;
				CLANG_WARN_DIRECT_OBJC_ISA_USAGE = YES_ERROR;
				CLANG_WARN_DOCUMENTATION_COMMENTS = YES;
				CLANG_WARN_EMPTY_BODY = YES;
				CLANG_WARN_ENUM_CONVERSION = YES;
				CLANG_WARN_INFINITE_RECURSION = YES;
				CLANG_WARN_INT_CONVERSION = YES;
				CLANG_WARN_NON_LITERAL_NULL_CONVERSION = YES;
				CLANG_WARN_OBJC_IMPLICIT_RETAIN_SELF = YES;
				CLANG_WARN_OBJC_LITERAL_CONVERSION = YES;
				CLANG_WARN_OBJC_ROOT_CLASS = YES_ERROR;
				CLANG_WARN_RANGE_LOOP_ANALYSIS = YES;
				CLANG_WARN_STRICT_PROTOTYPES = YES;
				CLANG_WARN_SUSPICIOUS_MOVE = YES;
				CLANG_WARN_UNGUARDED_AVAILABILITY = YES_AGGRESSIVE;
				CLANG_WARN_UNREACHABLE_CODE = YES;
				CLANG_WARN__DUPLICATE_METHOD_MATCH = YES;
				COPY_PHASE_STRIP = NO;
				CURRENT_PROJECT_VERSION = 1;
				DEBUG_INFORMATION_FORMAT = dwarf;
				ENABLE_STRICT_OBJC_MSGSEND = YES;
				ENABLE_TESTABILITY = YES;
				GCC_C_LANGUAGE_STANDARD = gnu11;
				GCC_DYNAMIC_NO_PIC = NO;
				GCC_NO_COMMON_BLOCKS = YES;
				GCC_OPTIMIZATION_LEVEL = 0;
				GCC_PREPROCESSOR_DEFINITIONS = (
					"DEBUG=1",
					"$(inherited)",
				);
				GCC_WARN_64_TO_32_BIT_CONVERSION = YES;
				GCC_WARN_ABOUT_RETURN_TYPE = YES_ERROR;
				GCC_WARN_UNDECLARED_SELECTOR = YES;
				GCC_WARN_UNINITIALIZED_AUTOS = YES_AGGRESSIVE;
				GCC_WARN_UNUSED_FUNCTION = YES;
				GCC_WARN_UNUSED_VARIABLE = YES;
				IPHONEOS_DEPLOYMENT_TARGET = 13.1;
				MTL_ENABLE_DEBUG_INFO = INCLUDE_SOURCE;
				MTL_FAST_MATH = YES;
				ONLY_ACTIVE_ARCH = YES;
				SDKROOT = iphoneos;
				SWIFT_ACTIVE_COMPILATION_CONDITIONS = DEBUG;
				SWIFT_OPTIMIZATION_LEVEL = "-Onone";
				VERSIONING_SYSTEM = "apple-generic";
				VERSION_INFO_PREFIX = "";
			};
			name = Debug;
		};
		80C8D592236B3ED100664FC5 /* Release */ = {
			isa = XCBuildConfiguration;
			buildSettings = {
				ALWAYS_SEARCH_USER_PATHS = NO;
				CLANG_ANALYZER_NONNULL = YES;
				CLANG_ANALYZER_NUMBER_OBJECT_CONVERSION = YES_AGGRESSIVE;
				CLANG_CXX_LANGUAGE_STANDARD = "gnu++14";
				CLANG_CXX_LIBRARY = "libc++";
				CLANG_ENABLE_MODULES = YES;
				CLANG_ENABLE_OBJC_ARC = YES;
				CLANG_ENABLE_OBJC_WEAK = YES;
				CLANG_WARN_BLOCK_CAPTURE_AUTORELEASING = YES;
				CLANG_WARN_BOOL_CONVERSION = YES;
				CLANG_WARN_COMMA = YES;
				CLANG_WARN_CONSTANT_CONVERSION = YES;
				CLANG_WARN_DEPRECATED_OBJC_IMPLEMENTATIONS = YES;
				CLANG_WARN_DIRECT_OBJC_ISA_USAGE = YES_ERROR;
				CLANG_WARN_DOCUMENTATION_COMMENTS = YES;
				CLANG_WARN_EMPTY_BODY = YES;
				CLANG_WARN_ENUM_CONVERSION = YES;
				CLANG_WARN_INFINITE_RECURSION = YES;
				CLANG_WARN_INT_CONVERSION = YES;
				CLANG_WARN_NON_LITERAL_NULL_CONVERSION = YES;
				CLANG_WARN_OBJC_IMPLICIT_RETAIN_SELF = YES;
				CLANG_WARN_OBJC_LITERAL_CONVERSION = YES;
				CLANG_WARN_OBJC_ROOT_CLASS = YES_ERROR;
				CLANG_WARN_RANGE_LOOP_ANALYSIS = YES;
				CLANG_WARN_STRICT_PROTOTYPES = YES;
				CLANG_WARN_SUSPICIOUS_MOVE = YES;
				CLANG_WARN_UNGUARDED_AVAILABILITY = YES_AGGRESSIVE;
				CLANG_WARN_UNREACHABLE_CODE = YES;
				CLANG_WARN__DUPLICATE_METHOD_MATCH = YES;
				COPY_PHASE_STRIP = NO;
				CURRENT_PROJECT_VERSION = 1;
				DEBUG_INFORMATION_FORMAT = "dwarf-with-dsym";
				ENABLE_NS_ASSERTIONS = NO;
				ENABLE_STRICT_OBJC_MSGSEND = YES;
				GCC_C_LANGUAGE_STANDARD = gnu11;
				GCC_NO_COMMON_BLOCKS = YES;
				GCC_WARN_64_TO_32_BIT_CONVERSION = YES;
				GCC_WARN_ABOUT_RETURN_TYPE = YES_ERROR;
				GCC_WARN_UNDECLARED_SELECTOR = YES;
				GCC_WARN_UNINITIALIZED_AUTOS = YES_AGGRESSIVE;
				GCC_WARN_UNUSED_FUNCTION = YES;
				GCC_WARN_UNUSED_VARIABLE = YES;
				IPHONEOS_DEPLOYMENT_TARGET = 13.1;
				MTL_ENABLE_DEBUG_INFO = NO;
				MTL_FAST_MATH = YES;
				SDKROOT = iphoneos;
				SWIFT_COMPILATION_MODE = wholemodule;
				SWIFT_OPTIMIZATION_LEVEL = "-O";
				VALIDATE_PRODUCT = YES;
				VERSIONING_SYSTEM = "apple-generic";
				VERSION_INFO_PREFIX = "";
			};
			name = Release;
		};
		80C8D594236B3ED100664FC5 /* Debug */ = {
			isa = XCBuildConfiguration;
			baseConfigurationReference = 9D3F90484F4856532A780371 /* Pods-RXCSwiftComponents.debug.xcconfig */;
			buildSettings = {
				CLANG_ENABLE_MODULES = YES;
				CODE_SIGN_STYLE = Automatic;
				DEFINES_MODULE = YES;
				DEVELOPMENT_TEAM = 977G6XM9PF;
				DYLIB_COMPATIBILITY_VERSION = 1;
				DYLIB_CURRENT_VERSION = 1;
				DYLIB_INSTALL_NAME_BASE = "@rpath";
				INFOPLIST_FILE = RXCSwiftComponents/Info.plist;
				INSTALL_PATH = "$(LOCAL_LIBRARY_DIR)/Frameworks";
				IPHONEOS_DEPLOYMENT_TARGET = 10.0;
				LD_RUNPATH_SEARCH_PATHS = (
					"$(inherited)",
					"@executable_path/Frameworks",
					"@loader_path/Frameworks",
				);
				PRODUCT_BUNDLE_IDENTIFIER = com.ruixingchen.RXCSwiftComponents;
				PRODUCT_NAME = "$(TARGET_NAME:c99extidentifier)";
				SKIP_INSTALL = YES;
				SWIFT_OPTIMIZATION_LEVEL = "-Onone";
				SWIFT_VERSION = 5.0;
				TARGETED_DEVICE_FAMILY = "1,2";
			};
			name = Debug;
		};
		80C8D595236B3ED100664FC5 /* Release */ = {
			isa = XCBuildConfiguration;
			baseConfigurationReference = 298198BB5C9148F9CB8918A3 /* Pods-RXCSwiftComponents.release.xcconfig */;
			buildSettings = {
				CLANG_ENABLE_MODULES = YES;
				CODE_SIGN_STYLE = Automatic;
				DEFINES_MODULE = YES;
				DEVELOPMENT_TEAM = 977G6XM9PF;
				DYLIB_COMPATIBILITY_VERSION = 1;
				DYLIB_CURRENT_VERSION = 1;
				DYLIB_INSTALL_NAME_BASE = "@rpath";
				INFOPLIST_FILE = RXCSwiftComponents/Info.plist;
				INSTALL_PATH = "$(LOCAL_LIBRARY_DIR)/Frameworks";
				IPHONEOS_DEPLOYMENT_TARGET = 10.0;
				LD_RUNPATH_SEARCH_PATHS = (
					"$(inherited)",
					"@executable_path/Frameworks",
					"@loader_path/Frameworks",
				);
				PRODUCT_BUNDLE_IDENTIFIER = com.ruixingchen.RXCSwiftComponents;
				PRODUCT_NAME = "$(TARGET_NAME:c99extidentifier)";
				SKIP_INSTALL = YES;
				SWIFT_VERSION = 5.0;
				TARGETED_DEVICE_FAMILY = "1,2";
			};
			name = Release;
		};
		80C8D597236B3ED100664FC5 /* Debug */ = {
			isa = XCBuildConfiguration;
			baseConfigurationReference = A4D6B4524C59E6E7BCA4777E /* Pods-RXCSwiftComponents-RXCSwiftComponentsTests.debug.xcconfig */;
			buildSettings = {
				ALWAYS_EMBED_SWIFT_STANDARD_LIBRARIES = YES;
				CODE_SIGN_STYLE = Automatic;
				DEVELOPMENT_TEAM = 977G6XM9PF;
				INFOPLIST_FILE = RXCSwiftComponentsTests/Info.plist;
				LD_RUNPATH_SEARCH_PATHS = (
					"$(inherited)",
					"@executable_path/Frameworks",
					"@loader_path/Frameworks",
				);
				PRODUCT_BUNDLE_IDENTIFIER = com.ruixingchen.RXCSwiftComponentsTests;
				PRODUCT_NAME = "$(TARGET_NAME)";
				SWIFT_VERSION = 5.0;
				TARGETED_DEVICE_FAMILY = "1,2";
			};
			name = Debug;
		};
		80C8D598236B3ED100664FC5 /* Release */ = {
			isa = XCBuildConfiguration;
			baseConfigurationReference = 9D639884B02DA482F2C4297B /* Pods-RXCSwiftComponents-RXCSwiftComponentsTests.release.xcconfig */;
			buildSettings = {
				ALWAYS_EMBED_SWIFT_STANDARD_LIBRARIES = YES;
				CODE_SIGN_STYLE = Automatic;
				DEVELOPMENT_TEAM = 977G6XM9PF;
				INFOPLIST_FILE = RXCSwiftComponentsTests/Info.plist;
				LD_RUNPATH_SEARCH_PATHS = (
					"$(inherited)",
					"@executable_path/Frameworks",
					"@loader_path/Frameworks",
				);
				PRODUCT_BUNDLE_IDENTIFIER = com.ruixingchen.RXCSwiftComponentsTests;
				PRODUCT_NAME = "$(TARGET_NAME)";
				SWIFT_VERSION = 5.0;
				TARGETED_DEVICE_FAMILY = "1,2";
			};
			name = Release;
		};
/* End XCBuildConfiguration section */

/* Begin XCConfigurationList section */
		80C8D579236B3ED000664FC5 /* Build configuration list for PBXProject "RXCSwiftComponents" */ = {
			isa = XCConfigurationList;
			buildConfigurations = (
				80C8D591236B3ED100664FC5 /* Debug */,
				80C8D592236B3ED100664FC5 /* Release */,
			);
			defaultConfigurationIsVisible = 0;
			defaultConfigurationName = Release;
		};
		80C8D593236B3ED100664FC5 /* Build configuration list for PBXNativeTarget "RXCSwiftComponents" */ = {
			isa = XCConfigurationList;
			buildConfigurations = (
				80C8D594236B3ED100664FC5 /* Debug */,
				80C8D595236B3ED100664FC5 /* Release */,
			);
			defaultConfigurationIsVisible = 0;
			defaultConfigurationName = Release;
		};
		80C8D596236B3ED100664FC5 /* Build configuration list for PBXNativeTarget "RXCSwiftComponentsTests" */ = {
			isa = XCConfigurationList;
			buildConfigurations = (
				80C8D597236B3ED100664FC5 /* Debug */,
				80C8D598236B3ED100664FC5 /* Release */,
			);
			defaultConfigurationIsVisible = 0;
			defaultConfigurationName = Release;
		};
/* End XCConfigurationList section */
	};
	rootObject = 80C8D576236B3ED000664FC5 /* Project object */;
}
